
Microsoft Visual Studio Solution File, Format Version 12.00
# Visual Studio Version 16
VisualStudioVersion = 16.0.29306.81
MinimumVisualStudioVersion = 10.0.40219.1
Project("{2150E333-8FDC-42A3-9474-1A3956D46DE8}") = "Shared", "Shared", "{510408A4-3BB2-43B5-9516-3078CC0CD7B3}"
EndProject
Project("{9A19103F-16F7-4668-BE54-9A1E7A4F7556}") = "OmniCoin.Consensus", "Shared\OmniCoin.Consensus\OmniCoin.Consensus.csproj", "{792E0CBA-1332-41EB-A9D8-33A0FD97DA47}"
EndProject
Project("{9A19103F-16F7-4668-BE54-9A1E7A4F7556}") = "OmniCoin.DTO", "Shared\OmniCoin.DTO\OmniCoin.DTO.csproj", "{EAFA0C8D-F442-404F-8E79-30F6F2BB6F85}"
EndProject
Project("{9A19103F-16F7-4668-BE54-9A1E7A4F7556}") = "OmniCoin.Entities", "Shared\OmniCoin.Entities\OmniCoin.Entities.csproj", "{58D14399-C1B5-42D2-B8A2-AEF7A5F0F1D1}"
EndProject
Project("{9A19103F-16F7-4668-BE54-9A1E7A4F7556}") = "OmniCoin.Framework", "Shared\OmniCoin.Framework\OmniCoin.Framework.csproj", "{D31DDF7A-89EF-485C-8097-7F1577385C0B}"
EndProject
Project("{9A19103F-16F7-4668-BE54-9A1E7A4F7556}") = "OmniCoin.Messages", "Shared\OmniCoin.Messages\OmniCoin.Messages.csproj", "{DAD53F59-3CF8-4263-89AF-F98DBB04E5C9}"
EndProject
Project("{2150E333-8FDC-42A3-9474-1A3956D46DE8}") = "Data", "Data", "{6D9F8A61-02F8-42CB-9B5D-2BF88E32D072}"
EndProject
Project("{9A19103F-16F7-4668-BE54-9A1E7A4F7556}") = "OmniCoin.Data", "Data\OmniCoin.Data\OmniCoin.Data.csproj", "{EE848BFF-1BF2-4AE8-8938-B22F4D65EB83}"
EndProject
Project("{9A19103F-16F7-4668-BE54-9A1E7A4F7556}") = "OmniCoin.DataAgent", "Data\OmniCoin.DataAgent\OmniCoin.DataAgent.csproj", "{CD9DFEE4-D9B8-425F-8E1E-2ACFA8B8C88D}"
EndProject
Project("{2150E333-8FDC-42A3-9474-1A3956D46DE8}") = "Tools", "Tools", "{7203E52B-76CE-4D97-841A-B960E2AB611C}"
EndProject
Project("{2150E333-8FDC-42A3-9474-1A3956D46DE8}") = "Business", "Business", "{36365BAF-953D-43CF-94E3-566FEFBCD5F2}"
EndProject
Project("{9A19103F-16F7-4668-BE54-9A1E7A4F7556}") = "OmniCoin.Business", "Business\OmniCoin.Business\OmniCoin.Business.csproj", "{A5FB1B80-D024-457A-8E74-7391F70ADD45}"
EndProject
Project("{2150E333-8FDC-42A3-9474-1A3956D46DE8}") = "Services", "Services", "{C14F8A30-685D-42FD-985E-BA5049302B17}"
EndProject
Project("{9A19103F-16F7-4668-BE54-9A1E7A4F7556}") = "OmniCoin.Wallet.API", "Services\OmniCoin.Wallet.API\OmniCoin.Wallet.API.csproj", "{8C33D30C-D4C3-4904-839A-63C5C3315F52}"
EndProject
Project("{2150E333-8FDC-42A3-9474-1A3956D46DE8}") = "Presentation", "Presentation", "{3DA74E01-2ECB-420B-A7F1-FBFB6B268D20}"
EndProject
Project("{9A19103F-16F7-4668-BE54-9A1E7A4F7556}") = "OmniCoin.Node", "Presentation\OmniCoin.Node\OmniCoin.Node.csproj", "{7C51F873-9A69-46E4-BC23-86B6B1C1A472}"
EndProject
Project("{9A19103F-16F7-4668-BE54-9A1E7A4F7556}") = "OmniCoin.Tracker", "Presentation\OmniCoin.Tracker\OmniCoin.Tracker.csproj", "{238F0F80-A9D8-42E6-815F-70FD523D49E4}"
EndProject
Project("{9A19103F-16F7-4668-BE54-9A1E7A4F7556}") = "OmniCoin.MiningPool.Shares", "Shared\OmniCoin.MiningPool.Shares\OmniCoin.MiningPool.Shares.csproj", "{F40944E1-6914-430B-A598-8F30D3DBF583}"
EndProject
Project("{9A19103F-16F7-4668-BE54-9A1E7A4F7556}") = "OmniCoin.MiningPool.Entities", "Shared\OmniCoin.MiningPool.Entities\OmniCoin.MiningPool.Entities.csproj", "{62AF9CB7-2EDD-4ABE-A152-F96A2D3B2307}"
EndProject
Project("{9A19103F-16F7-4668-BE54-9A1E7A4F7556}") = "FiiiChain.KafkaMQ", "Shared\OmniCoin.KafkaMQ\FiiiChain.KafkaMQ.csproj", "{CD4F1A20-AB55-4BFB-B18F-EE4721C0B2B1}"
EndProject
Project("{9A19103F-16F7-4668-BE54-9A1E7A4F7556}") = "OmniCoin.MiningPool.Business", "Business\OmniCoin.MiningPool.Business\OmniCoin.MiningPool.Business.csproj", "{0F2A3EDC-5DDC-40B6-A1FB-AF31809B5672}"
EndProject
Project("{9A19103F-16F7-4668-BE54-9A1E7A4F7556}") = "OmniCoin.AliMQ", "Shared\OmniCoin.AliMQ\OmniCoin.AliMQ.csproj", "{8DBD1CD1-81B1-4D65-A957-C9ADE63EDCB8}"
EndProject
Project("{9A19103F-16F7-4668-BE54-9A1E7A4F7556}") = "OmniCoin.MiningPool.Data", "Data\OmniCoin.MiningPool.Data\OmniCoin.MiningPool.Data.csproj", "{690328D9-D932-48F4-87A9-24B8514578AE}"
EndProject
Project("{9A19103F-16F7-4668-BE54-9A1E7A4F7556}") = "OmniCoin.Pool.Redis", "Shared\OmniCoin.Pool.Redis\OmniCoin.Pool.Redis.csproj", "{295F2AED-2A97-4D29-8349-D4E3F6764456}"
EndProject
Project("{9A19103F-16F7-4668-BE54-9A1E7A4F7556}") = "OmniCoin.PoolMessages", "Shared\OmniCoin.PoolMessages\OmniCoin.PoolMessages.csproj", "{69AFD6EA-86CE-42D4-8066-2E508659F6AF}"
EndProject
Project("{9A19103F-16F7-4668-BE54-9A1E7A4F7556}") = "OmniCoin.RabbitMQ", "Shared\OmniCoin.RabbitMQ\OmniCoin.RabbitMQ.csproj", "{5B66D41F-76E2-402B-8325-2713FCA3FB23}"
EndProject
Project("{9A19103F-16F7-4668-BE54-9A1E7A4F7556}") = "OmniCoin.ShareModels", "Shared\OmniCoin.ShareModels\OmniCoin.ShareModels.csproj", "{5C58F201-73DE-431E-9BF2-4518C7821282}"
EndProject
Project("{9A19103F-16F7-4668-BE54-9A1E7A4F7556}") = "OmniCoin.Pool", "Presentation\OmniCoin.Pool\OmniCoin.Pool.csproj", "{4BEEC59A-3C3B-4039-AB50-8249F0D1CB66}"
EndProject
Project("{9A19103F-16F7-4668-BE54-9A1E7A4F7556}") = "OmniCoin.PoolCenter", "Presentation\OmniCoin.PoolCenter\OmniCoin.PoolCenter.csproj", "{85A68A94-8A08-4FCD-8567-A908FBE184F6}"
EndProject
Project("{9A19103F-16F7-4668-BE54-9A1E7A4F7556}") = "OmniCoin.MiningPool.API", "Services\OmniCoin.MiningPool.API\OmniCoin.MiningPool.API.csproj", "{C97AC1E0-B974-44B7-A80B-6690441DD189}"
EndProject
Project("{9A19103F-16F7-4668-BE54-9A1E7A4F7556}") = "OmniCoin.MinerTest", "Presentation\OmniCoin.MinerTest\OmniCoin.MinerTest.csproj", "{DDABE79F-789B-4A6E-B9D9-24DD96F1A359}"
EndProject
Project("{00D1A9C2-B5F0-4AF3-8072-F6C62B433612}") = "OmniCoin.MiningPool.Database", "Data\OmniCoin.MiningPool.Database\OmniCoin.MiningPool.Database.sqlproj", "{64AB8406-31DD-4E62-B9ED-45B0D8B0EFC7}"
EndProject
Project("{9A19103F-16F7-4668-BE54-9A1E7A4F7556}") = "POSCheckSimulationService", "Services\POSCheckSimulationService\POSCheckSimulationService\POSCheckSimulationService.csproj", "{1482033C-5C13-4E1A-900D-8A9DD4C4DFFE}"
EndProject
Project("{9A19103F-16F7-4668-BE54-9A1E7A4F7556}") = "OmniCoin.MiningPool.Award", "Presentation\OmniCoin.MiningPool.Award\OmniCoin.MiningPool.Award.csproj", "{600EAACB-0067-49B1-9006-83793839889E}"
EndProject
Project("{9A19103F-16F7-4668-BE54-9A1E7A4F7556}") = "OmniCoin.Update", "Tools\OmniCoin.Update\OmniCoin.Update.csproj", "{F5756D92-CA80-4AE7-817B-7C1BED2ECA8E}"
EndProject
Project("{9A19103F-16F7-4668-BE54-9A1E7A4F7556}") = "OmniCoin.Tools", "Shared\OmniCoin.Tools\OmniCoin.Tools.csproj", "{58AC0443-9E88-4A22-B5B4-A448A38C635E}"
EndProject
Project("{9A19103F-16F7-4668-BE54-9A1E7A4F7556}") = "MultiThreadingMiners", "Tools\MultiThreadingMiners\MultiThreadingMiners\MultiThreadingMiners.csproj", "{A43A4FDC-F7B7-410A-8E60-60B8D38DC6B0}"
EndProject
Project("{2150E333-8FDC-42A3-9474-1A3956D46DE8}") = "Test", "Test", "{E83AFEBB-B76F-489C-8587-2C7E2A3BAA1A}"
EndProject
Project("{9A19103F-16F7-4668-BE54-9A1E7A4F7556}") = "OmniCoin.Messages.Test", "Test\OmniCoin.Messages.Test\OmniCoin.Messages.Test.csproj", "{5F768E1E-8A2D-443A-B82E-09147121062D}"
EndProject
Project("{FAE04EC0-301F-11D3-BF4B-00C04F79EFBC}") = "BlockAnalysisTools", "Tools\BlockAnalysisTools\BlockAnalysisTools.csproj", "{80103419-6732-43E8-B0C2-DFEC25E8F9DF}"
EndProject
Global
	GlobalSection(SolutionConfigurationPlatforms) = preSolution
		Debug|Any CPU = Debug|Any CPU
		Pro|Any CPU = Pro|Any CPU
		Release|Any CPU = Release|Any CPU
	EndGlobalSection
	GlobalSection(ProjectConfigurationPlatforms) = postSolution
		{792E0CBA-1332-41EB-A9D8-33A0FD97DA47}.Debug|Any CPU.ActiveCfg = Debug|Any CPU
		{792E0CBA-1332-41EB-A9D8-33A0FD97DA47}.Debug|Any CPU.Build.0 = Debug|Any CPU
		{792E0CBA-1332-41EB-A9D8-33A0FD97DA47}.Pro|Any CPU.ActiveCfg = Pro|Any CPU
		{792E0CBA-1332-41EB-A9D8-33A0FD97DA47}.Pro|Any CPU.Build.0 = Pro|Any CPU
		{792E0CBA-1332-41EB-A9D8-33A0FD97DA47}.Release|Any CPU.ActiveCfg = Release|Any CPU
		{792E0CBA-1332-41EB-A9D8-33A0FD97DA47}.Release|Any CPU.Build.0 = Release|Any CPU
		{EAFA0C8D-F442-404F-8E79-30F6F2BB6F85}.Debug|Any CPU.ActiveCfg = Debug|Any CPU
		{EAFA0C8D-F442-404F-8E79-30F6F2BB6F85}.Debug|Any CPU.Build.0 = Debug|Any CPU
		{EAFA0C8D-F442-404F-8E79-30F6F2BB6F85}.Pro|Any CPU.ActiveCfg = Pro|Any CPU
		{EAFA0C8D-F442-404F-8E79-30F6F2BB6F85}.Pro|Any CPU.Build.0 = Pro|Any CPU
		{EAFA0C8D-F442-404F-8E79-30F6F2BB6F85}.Release|Any CPU.ActiveCfg = Release|Any CPU
		{EAFA0C8D-F442-404F-8E79-30F6F2BB6F85}.Release|Any CPU.Build.0 = Release|Any CPU
		{58D14399-C1B5-42D2-B8A2-AEF7A5F0F1D1}.Debug|Any CPU.ActiveCfg = Debug|Any CPU
		{58D14399-C1B5-42D2-B8A2-AEF7A5F0F1D1}.Debug|Any CPU.Build.0 = Debug|Any CPU
		{58D14399-C1B5-42D2-B8A2-AEF7A5F0F1D1}.Pro|Any CPU.ActiveCfg = Pro|Any CPU
		{58D14399-C1B5-42D2-B8A2-AEF7A5F0F1D1}.Pro|Any CPU.Build.0 = Pro|Any CPU
		{58D14399-C1B5-42D2-B8A2-AEF7A5F0F1D1}.Release|Any CPU.ActiveCfg = Release|Any CPU
		{58D14399-C1B5-42D2-B8A2-AEF7A5F0F1D1}.Release|Any CPU.Build.0 = Release|Any CPU
		{D31DDF7A-89EF-485C-8097-7F1577385C0B}.Debug|Any CPU.ActiveCfg = Debug|Any CPU
		{D31DDF7A-89EF-485C-8097-7F1577385C0B}.Debug|Any CPU.Build.0 = Debug|Any CPU
		{D31DDF7A-89EF-485C-8097-7F1577385C0B}.Pro|Any CPU.ActiveCfg = Pro|Any CPU
		{D31DDF7A-89EF-485C-8097-7F1577385C0B}.Pro|Any CPU.Build.0 = Pro|Any CPU
		{D31DDF7A-89EF-485C-8097-7F1577385C0B}.Release|Any CPU.ActiveCfg = Release|Any CPU
		{D31DDF7A-89EF-485C-8097-7F1577385C0B}.Release|Any CPU.Build.0 = Release|Any CPU
		{DAD53F59-3CF8-4263-89AF-F98DBB04E5C9}.Debug|Any CPU.ActiveCfg = Debug|Any CPU
		{DAD53F59-3CF8-4263-89AF-F98DBB04E5C9}.Debug|Any CPU.Build.0 = Debug|Any CPU
		{DAD53F59-3CF8-4263-89AF-F98DBB04E5C9}.Pro|Any CPU.ActiveCfg = Pro|Any CPU
		{DAD53F59-3CF8-4263-89AF-F98DBB04E5C9}.Pro|Any CPU.Build.0 = Pro|Any CPU
		{DAD53F59-3CF8-4263-89AF-F98DBB04E5C9}.Release|Any CPU.ActiveCfg = Release|Any CPU
		{DAD53F59-3CF8-4263-89AF-F98DBB04E5C9}.Release|Any CPU.Build.0 = Release|Any CPU
		{EE848BFF-1BF2-4AE8-8938-B22F4D65EB83}.Debug|Any CPU.ActiveCfg = Debug|Any CPU
		{EE848BFF-1BF2-4AE8-8938-B22F4D65EB83}.Debug|Any CPU.Build.0 = Debug|Any CPU
		{EE848BFF-1BF2-4AE8-8938-B22F4D65EB83}.Pro|Any CPU.ActiveCfg = Pro|Any CPU
		{EE848BFF-1BF2-4AE8-8938-B22F4D65EB83}.Pro|Any CPU.Build.0 = Pro|Any CPU
		{EE848BFF-1BF2-4AE8-8938-B22F4D65EB83}.Release|Any CPU.ActiveCfg = Release|Any CPU
		{EE848BFF-1BF2-4AE8-8938-B22F4D65EB83}.Release|Any CPU.Build.0 = Release|Any CPU
		{CD9DFEE4-D9B8-425F-8E1E-2ACFA8B8C88D}.Debug|Any CPU.ActiveCfg = Debug|Any CPU
		{CD9DFEE4-D9B8-425F-8E1E-2ACFA8B8C88D}.Debug|Any CPU.Build.0 = Debug|Any CPU
		{CD9DFEE4-D9B8-425F-8E1E-2ACFA8B8C88D}.Pro|Any CPU.ActiveCfg = Pro|Any CPU
		{CD9DFEE4-D9B8-425F-8E1E-2ACFA8B8C88D}.Pro|Any CPU.Build.0 = Pro|Any CPU
		{CD9DFEE4-D9B8-425F-8E1E-2ACFA8B8C88D}.Release|Any CPU.ActiveCfg = Release|Any CPU
		{CD9DFEE4-D9B8-425F-8E1E-2ACFA8B8C88D}.Release|Any CPU.Build.0 = Release|Any CPU
		{A5FB1B80-D024-457A-8E74-7391F70ADD45}.Debug|Any CPU.ActiveCfg = Debug|Any CPU
		{A5FB1B80-D024-457A-8E74-7391F70ADD45}.Debug|Any CPU.Build.0 = Debug|Any CPU
		{A5FB1B80-D024-457A-8E74-7391F70ADD45}.Pro|Any CPU.ActiveCfg = Pro|Any CPU
		{A5FB1B80-D024-457A-8E74-7391F70ADD45}.Pro|Any CPU.Build.0 = Pro|Any CPU
		{A5FB1B80-D024-457A-8E74-7391F70ADD45}.Release|Any CPU.ActiveCfg = Release|Any CPU
		{A5FB1B80-D024-457A-8E74-7391F70ADD45}.Release|Any CPU.Build.0 = Release|Any CPU
		{8C33D30C-D4C3-4904-839A-63C5C3315F52}.Debug|Any CPU.ActiveCfg = Debug|Any CPU
		{8C33D30C-D4C3-4904-839A-63C5C3315F52}.Debug|Any CPU.Build.0 = Debug|Any CPU
		{8C33D30C-D4C3-4904-839A-63C5C3315F52}.Pro|Any CPU.ActiveCfg = Pro|Any CPU
		{8C33D30C-D4C3-4904-839A-63C5C3315F52}.Pro|Any CPU.Build.0 = Pro|Any CPU
		{8C33D30C-D4C3-4904-839A-63C5C3315F52}.Release|Any CPU.ActiveCfg = Release|Any CPU
		{8C33D30C-D4C3-4904-839A-63C5C3315F52}.Release|Any CPU.Build.0 = Release|Any CPU
		{7C51F873-9A69-46E4-BC23-86B6B1C1A472}.Debug|Any CPU.ActiveCfg = Debug|Any CPU
		{7C51F873-9A69-46E4-BC23-86B6B1C1A472}.Debug|Any CPU.Build.0 = Debug|Any CPU
		{7C51F873-9A69-46E4-BC23-86B6B1C1A472}.Pro|Any CPU.ActiveCfg = Pro|Any CPU
		{7C51F873-9A69-46E4-BC23-86B6B1C1A472}.Pro|Any CPU.Build.0 = Pro|Any CPU
		{7C51F873-9A69-46E4-BC23-86B6B1C1A472}.Release|Any CPU.ActiveCfg = Release|Any CPU
		{7C51F873-9A69-46E4-BC23-86B6B1C1A472}.Release|Any CPU.Build.0 = Release|Any CPU
		{238F0F80-A9D8-42E6-815F-70FD523D49E4}.Debug|Any CPU.ActiveCfg = Debug|Any CPU
		{238F0F80-A9D8-42E6-815F-70FD523D49E4}.Debug|Any CPU.Build.0 = Debug|Any CPU
		{238F0F80-A9D8-42E6-815F-70FD523D49E4}.Pro|Any CPU.ActiveCfg = Pro|Any CPU
		{238F0F80-A9D8-42E6-815F-70FD523D49E4}.Pro|Any CPU.Build.0 = Pro|Any CPU
		{238F0F80-A9D8-42E6-815F-70FD523D49E4}.Release|Any CPU.ActiveCfg = Release|Any CPU
		{238F0F80-A9D8-42E6-815F-70FD523D49E4}.Release|Any CPU.Build.0 = Release|Any CPU
		{F40944E1-6914-430B-A598-8F30D3DBF583}.Debug|Any CPU.ActiveCfg = Debug|Any CPU
		{F40944E1-6914-430B-A598-8F30D3DBF583}.Debug|Any CPU.Build.0 = Debug|Any CPU
		{F40944E1-6914-430B-A598-8F30D3DBF583}.Pro|Any CPU.ActiveCfg = Debug|Any CPU
		{F40944E1-6914-430B-A598-8F30D3DBF583}.Pro|Any CPU.Build.0 = Debug|Any CPU
		{F40944E1-6914-430B-A598-8F30D3DBF583}.Release|Any CPU.ActiveCfg = Release|Any CPU
		{F40944E1-6914-430B-A598-8F30D3DBF583}.Release|Any CPU.Build.0 = Release|Any CPU
		{62AF9CB7-2EDD-4ABE-A152-F96A2D3B2307}.Debug|Any CPU.ActiveCfg = Debug|Any CPU
		{62AF9CB7-2EDD-4ABE-A152-F96A2D3B2307}.Debug|Any CPU.Build.0 = Debug|Any CPU
		{62AF9CB7-2EDD-4ABE-A152-F96A2D3B2307}.Pro|Any CPU.ActiveCfg = Debug|Any CPU
		{62AF9CB7-2EDD-4ABE-A152-F96A2D3B2307}.Pro|Any CPU.Build.0 = Debug|Any CPU
		{62AF9CB7-2EDD-4ABE-A152-F96A2D3B2307}.Release|Any CPU.ActiveCfg = Release|Any CPU
		{62AF9CB7-2EDD-4ABE-A152-F96A2D3B2307}.Release|Any CPU.Build.0 = Release|Any CPU
		{CD4F1A20-AB55-4BFB-B18F-EE4721C0B2B1}.Debug|Any CPU.ActiveCfg = Debug|Any CPU
		{CD4F1A20-AB55-4BFB-B18F-EE4721C0B2B1}.Debug|Any CPU.Build.0 = Debug|Any CPU
		{CD4F1A20-AB55-4BFB-B18F-EE4721C0B2B1}.Pro|Any CPU.ActiveCfg = Debug|Any CPU
		{CD4F1A20-AB55-4BFB-B18F-EE4721C0B2B1}.Pro|Any CPU.Build.0 = Debug|Any CPU
		{CD4F1A20-AB55-4BFB-B18F-EE4721C0B2B1}.Release|Any CPU.ActiveCfg = Release|Any CPU
		{CD4F1A20-AB55-4BFB-B18F-EE4721C0B2B1}.Release|Any CPU.Build.0 = Release|Any CPU
		{0F2A3EDC-5DDC-40B6-A1FB-AF31809B5672}.Debug|Any CPU.ActiveCfg = Debug|Any CPU
		{0F2A3EDC-5DDC-40B6-A1FB-AF31809B5672}.Debug|Any CPU.Build.0 = Debug|Any CPU
		{0F2A3EDC-5DDC-40B6-A1FB-AF31809B5672}.Pro|Any CPU.ActiveCfg = Debug|Any CPU
		{0F2A3EDC-5DDC-40B6-A1FB-AF31809B5672}.Pro|Any CPU.Build.0 = Debug|Any CPU
		{0F2A3EDC-5DDC-40B6-A1FB-AF31809B5672}.Release|Any CPU.ActiveCfg = Release|Any CPU
		{0F2A3EDC-5DDC-40B6-A1FB-AF31809B5672}.Release|Any CPU.Build.0 = Release|Any CPU
		{8DBD1CD1-81B1-4D65-A957-C9ADE63EDCB8}.Debug|Any CPU.ActiveCfg = Debug|Any CPU
		{8DBD1CD1-81B1-4D65-A957-C9ADE63EDCB8}.Debug|Any CPU.Build.0 = Debug|Any CPU
		{8DBD1CD1-81B1-4D65-A957-C9ADE63EDCB8}.Pro|Any CPU.ActiveCfg = Debug|Any CPU
		{8DBD1CD1-81B1-4D65-A957-C9ADE63EDCB8}.Pro|Any CPU.Build.0 = Debug|Any CPU
		{8DBD1CD1-81B1-4D65-A957-C9ADE63EDCB8}.Release|Any CPU.ActiveCfg = Release|Any CPU
		{8DBD1CD1-81B1-4D65-A957-C9ADE63EDCB8}.Release|Any CPU.Build.0 = Release|Any CPU
		{690328D9-D932-48F4-87A9-24B8514578AE}.Debug|Any CPU.ActiveCfg = Debug|Any CPU
		{690328D9-D932-48F4-87A9-24B8514578AE}.Debug|Any CPU.Build.0 = Debug|Any CPU
		{690328D9-D932-48F4-87A9-24B8514578AE}.Pro|Any CPU.ActiveCfg = Debug|Any CPU
		{690328D9-D932-48F4-87A9-24B8514578AE}.Pro|Any CPU.Build.0 = Debug|Any CPU
		{690328D9-D932-48F4-87A9-24B8514578AE}.Release|Any CPU.ActiveCfg = Release|Any CPU
		{690328D9-D932-48F4-87A9-24B8514578AE}.Release|Any CPU.Build.0 = Release|Any CPU
		{295F2AED-2A97-4D29-8349-D4E3F6764456}.Debug|Any CPU.ActiveCfg = Debug|Any CPU
		{295F2AED-2A97-4D29-8349-D4E3F6764456}.Debug|Any CPU.Build.0 = Debug|Any CPU
		{295F2AED-2A97-4D29-8349-D4E3F6764456}.Pro|Any CPU.ActiveCfg = Debug|Any CPU
		{295F2AED-2A97-4D29-8349-D4E3F6764456}.Pro|Any CPU.Build.0 = Debug|Any CPU
		{295F2AED-2A97-4D29-8349-D4E3F6764456}.Release|Any CPU.ActiveCfg = Release|Any CPU
		{295F2AED-2A97-4D29-8349-D4E3F6764456}.Release|Any CPU.Build.0 = Release|Any CPU
		{69AFD6EA-86CE-42D4-8066-2E508659F6AF}.Debug|Any CPU.ActiveCfg = Debug|Any CPU
		{69AFD6EA-86CE-42D4-8066-2E508659F6AF}.Debug|Any CPU.Build.0 = Debug|Any CPU
		{69AFD6EA-86CE-42D4-8066-2E508659F6AF}.Pro|Any CPU.ActiveCfg = Debug|Any CPU
		{69AFD6EA-86CE-42D4-8066-2E508659F6AF}.Pro|Any CPU.Build.0 = Debug|Any CPU
		{69AFD6EA-86CE-42D4-8066-2E508659F6AF}.Release|Any CPU.ActiveCfg = Release|Any CPU
		{69AFD6EA-86CE-42D4-8066-2E508659F6AF}.Release|Any CPU.Build.0 = Release|Any CPU
		{5B66D41F-76E2-402B-8325-2713FCA3FB23}.Debug|Any CPU.ActiveCfg = Debug|Any CPU
		{5B66D41F-76E2-402B-8325-2713FCA3FB23}.Debug|Any CPU.Build.0 = Debug|Any CPU
		{5B66D41F-76E2-402B-8325-2713FCA3FB23}.Pro|Any CPU.ActiveCfg = Debug|Any CPU
		{5B66D41F-76E2-402B-8325-2713FCA3FB23}.Pro|Any CPU.Build.0 = Debug|Any CPU
		{5B66D41F-76E2-402B-8325-2713FCA3FB23}.Release|Any CPU.ActiveCfg = Release|Any CPU
		{5B66D41F-76E2-402B-8325-2713FCA3FB23}.Release|Any CPU.Build.0 = Release|Any CPU
		{5C58F201-73DE-431E-9BF2-4518C7821282}.Debug|Any CPU.ActiveCfg = Debug|Any CPU
		{5C58F201-73DE-431E-9BF2-4518C7821282}.Debug|Any CPU.Build.0 = Debug|Any CPU
		{5C58F201-73DE-431E-9BF2-4518C7821282}.Pro|Any CPU.ActiveCfg = Debug|Any CPU
		{5C58F201-73DE-431E-9BF2-4518C7821282}.Pro|Any CPU.Build.0 = Debug|Any CPU
		{5C58F201-73DE-431E-9BF2-4518C7821282}.Release|Any CPU.ActiveCfg = Release|Any CPU
		{5C58F201-73DE-431E-9BF2-4518C7821282}.Release|Any CPU.Build.0 = Release|Any CPU
		{4BEEC59A-3C3B-4039-AB50-8249F0D1CB66}.Debug|Any CPU.ActiveCfg = Debug|Any CPU
		{4BEEC59A-3C3B-4039-AB50-8249F0D1CB66}.Debug|Any CPU.Build.0 = Debug|Any CPU
		{4BEEC59A-3C3B-4039-AB50-8249F0D1CB66}.Pro|Any CPU.ActiveCfg = Debug|Any CPU
		{4BEEC59A-3C3B-4039-AB50-8249F0D1CB66}.Pro|Any CPU.Build.0 = Debug|Any CPU
		{4BEEC59A-3C3B-4039-AB50-8249F0D1CB66}.Release|Any CPU.ActiveCfg = Release|Any CPU
		{4BEEC59A-3C3B-4039-AB50-8249F0D1CB66}.Release|Any CPU.Build.0 = Release|Any CPU
		{85A68A94-8A08-4FCD-8567-A908FBE184F6}.Debug|Any CPU.ActiveCfg = Debug|Any CPU
		{85A68A94-8A08-4FCD-8567-A908FBE184F6}.Debug|Any CPU.Build.0 = Debug|Any CPU
		{85A68A94-8A08-4FCD-8567-A908FBE184F6}.Pro|Any CPU.ActiveCfg = Debug|Any CPU
		{85A68A94-8A08-4FCD-8567-A908FBE184F6}.Pro|Any CPU.Build.0 = Debug|Any CPU
		{85A68A94-8A08-4FCD-8567-A908FBE184F6}.Release|Any CPU.ActiveCfg = Release|Any CPU
		{85A68A94-8A08-4FCD-8567-A908FBE184F6}.Release|Any CPU.Build.0 = Release|Any CPU
		{C97AC1E0-B974-44B7-A80B-6690441DD189}.Debug|Any CPU.ActiveCfg = Debug|Any CPU
		{C97AC1E0-B974-44B7-A80B-6690441DD189}.Debug|Any CPU.Build.0 = Debug|Any CPU
		{C97AC1E0-B974-44B7-A80B-6690441DD189}.Pro|Any CPU.ActiveCfg = Debug|Any CPU
		{C97AC1E0-B974-44B7-A80B-6690441DD189}.Pro|Any CPU.Build.0 = Debug|Any CPU
		{C97AC1E0-B974-44B7-A80B-6690441DD189}.Release|Any CPU.ActiveCfg = Release|Any CPU
		{C97AC1E0-B974-44B7-A80B-6690441DD189}.Release|Any CPU.Build.0 = Release|Any CPU
		{DDABE79F-789B-4A6E-B9D9-24DD96F1A359}.Debug|Any CPU.ActiveCfg = Debug|Any CPU
		{DDABE79F-789B-4A6E-B9D9-24DD96F1A359}.Debug|Any CPU.Build.0 = Debug|Any CPU
		{DDABE79F-789B-4A6E-B9D9-24DD96F1A359}.Pro|Any CPU.ActiveCfg = Pro|Any CPU
		{DDABE79F-789B-4A6E-B9D9-24DD96F1A359}.Pro|Any CPU.Build.0 = Pro|Any CPU
		{DDABE79F-789B-4A6E-B9D9-24DD96F1A359}.Release|Any CPU.ActiveCfg = Release|Any CPU
		{DDABE79F-789B-4A6E-B9D9-24DD96F1A359}.Release|Any CPU.Build.0 = Release|Any CPU
		{64AB8406-31DD-4E62-B9ED-45B0D8B0EFC7}.Debug|Any CPU.ActiveCfg = Debug|Any CPU
		{64AB8406-31DD-4E62-B9ED-45B0D8B0EFC7}.Debug|Any CPU.Build.0 = Debug|Any CPU
		{64AB8406-31DD-4E62-B9ED-45B0D8B0EFC7}.Debug|Any CPU.Deploy.0 = Debug|Any CPU
		{64AB8406-31DD-4E62-B9ED-45B0D8B0EFC7}.Pro|Any CPU.ActiveCfg = Debug|Any CPU
		{64AB8406-31DD-4E62-B9ED-45B0D8B0EFC7}.Pro|Any CPU.Build.0 = Debug|Any CPU
		{64AB8406-31DD-4E62-B9ED-45B0D8B0EFC7}.Pro|Any CPU.Deploy.0 = Debug|Any CPU
		{64AB8406-31DD-4E62-B9ED-45B0D8B0EFC7}.Release|Any CPU.ActiveCfg = Release|Any CPU
		{64AB8406-31DD-4E62-B9ED-45B0D8B0EFC7}.Release|Any CPU.Build.0 = Release|Any CPU
		{64AB8406-31DD-4E62-B9ED-45B0D8B0EFC7}.Release|Any CPU.Deploy.0 = Release|Any CPU
		{1482033C-5C13-4E1A-900D-8A9DD4C4DFFE}.Debug|Any CPU.ActiveCfg = Debug|Any CPU
		{1482033C-5C13-4E1A-900D-8A9DD4C4DFFE}.Debug|Any CPU.Build.0 = Debug|Any CPU
		{1482033C-5C13-4E1A-900D-8A9DD4C4DFFE}.Pro|Any CPU.ActiveCfg = Debug|Any CPU
		{1482033C-5C13-4E1A-900D-8A9DD4C4DFFE}.Pro|Any CPU.Build.0 = Debug|Any CPU
		{1482033C-5C13-4E1A-900D-8A9DD4C4DFFE}.Release|Any CPU.ActiveCfg = Release|Any CPU
		{1482033C-5C13-4E1A-900D-8A9DD4C4DFFE}.Release|Any CPU.Build.0 = Release|Any CPU
		{600EAACB-0067-49B1-9006-83793839889E}.Debug|Any CPU.ActiveCfg = Debug|Any CPU
		{600EAACB-0067-49B1-9006-83793839889E}.Debug|Any CPU.Build.0 = Debug|Any CPU
		{600EAACB-0067-49B1-9006-83793839889E}.Pro|Any CPU.ActiveCfg = Debug|Any CPU
		{600EAACB-0067-49B1-9006-83793839889E}.Pro|Any CPU.Build.0 = Debug|Any CPU
		{600EAACB-0067-49B1-9006-83793839889E}.Release|Any CPU.ActiveCfg = Release|Any CPU
		{600EAACB-0067-49B1-9006-83793839889E}.Release|Any CPU.Build.0 = Release|Any CPU
		{F5756D92-CA80-4AE7-817B-7C1BED2ECA8E}.Debug|Any CPU.ActiveCfg = Debug|Any CPU
		{F5756D92-CA80-4AE7-817B-7C1BED2ECA8E}.Debug|Any CPU.Build.0 = Debug|Any CPU
		{F5756D92-CA80-4AE7-817B-7C1BED2ECA8E}.Pro|Any CPU.ActiveCfg = Debug|Any CPU
		{F5756D92-CA80-4AE7-817B-7C1BED2ECA8E}.Pro|Any CPU.Build.0 = Debug|Any CPU
		{F5756D92-CA80-4AE7-817B-7C1BED2ECA8E}.Release|Any CPU.ActiveCfg = Release|Any CPU
		{F5756D92-CA80-4AE7-817B-7C1BED2ECA8E}.Release|Any CPU.Build.0 = Release|Any CPU
		{58AC0443-9E88-4A22-B5B4-A448A38C635E}.Debug|Any CPU.ActiveCfg = Debug|Any CPU
		{58AC0443-9E88-4A22-B5B4-A448A38C635E}.Debug|Any CPU.Build.0 = Debug|Any CPU
		{58AC0443-9E88-4A22-B5B4-A448A38C635E}.Pro|Any CPU.ActiveCfg = Debug|Any CPU
		{58AC0443-9E88-4A22-B5B4-A448A38C635E}.Pro|Any CPU.Build.0 = Debug|Any CPU
		{58AC0443-9E88-4A22-B5B4-A448A38C635E}.Release|Any CPU.ActiveCfg = Release|Any CPU
		{58AC0443-9E88-4A22-B5B4-A448A38C635E}.Release|Any CPU.Build.0 = Release|Any CPU
		{A43A4FDC-F7B7-410A-8E60-60B8D38DC6B0}.Debug|Any CPU.ActiveCfg = Debug|Any CPU
		{A43A4FDC-F7B7-410A-8E60-60B8D38DC6B0}.Debug|Any CPU.Build.0 = Debug|Any CPU
		{A43A4FDC-F7B7-410A-8E60-60B8D38DC6B0}.Pro|Any CPU.ActiveCfg = Debug|Any CPU
		{A43A4FDC-F7B7-410A-8E60-60B8D38DC6B0}.Pro|Any CPU.Build.0 = Debug|Any CPU
		{A43A4FDC-F7B7-410A-8E60-60B8D38DC6B0}.Release|Any CPU.ActiveCfg = Release|Any CPU
		{A43A4FDC-F7B7-410A-8E60-60B8D38DC6B0}.Release|Any CPU.Build.0 = Release|Any CPU
		{5F768E1E-8A2D-443A-B82E-09147121062D}.Debug|Any CPU.ActiveCfg = Debug|Any CPU
		{5F768E1E-8A2D-443A-B82E-09147121062D}.Debug|Any CPU.Build.0 = Debug|Any CPU
		{5F768E1E-8A2D-443A-B82E-09147121062D}.Pro|Any CPU.ActiveCfg = Debug|Any CPU
		{5F768E1E-8A2D-443A-B82E-09147121062D}.Pro|Any CPU.Build.0 = Debug|Any CPU
		{5F768E1E-8A2D-443A-B82E-09147121062D}.Release|Any CPU.ActiveCfg = Release|Any CPU
		{5F768E1E-8A2D-443A-B82E-09147121062D}.Release|Any CPU.Build.0 = Release|Any CPU
		{80103419-6732-43E8-B0C2-DFEC25E8F9DF}.Debug|Any CPU.ActiveCfg = Debug|Any CPU
		{80103419-6732-43E8-B0C2-DFEC25E8F9DF}.Debug|Any CPU.Build.0 = Debug|Any CPU
		{80103419-6732-43E8-B0C2-DFEC25E8F9DF}.Pro|Any CPU.ActiveCfg = Debug|Any CPU
		{80103419-6732-43E8-B0C2-DFEC25E8F9DF}.Pro|Any CPU.Build.0 = Debug|Any CPU
		{80103419-6732-43E8-B0C2-DFEC25E8F9DF}.Release|Any CPU.ActiveCfg = Release|Any CPU
		{80103419-6732-43E8-B0C2-DFEC25E8F9DF}.Release|Any CPU.Build.0 = Release|Any CPU
	EndGlobalSection
	GlobalSection(SolutionProperties) = preSolution
		HideSolutionNode = FALSE
	EndGlobalSection
	GlobalSection(NestedProjects) = preSolution
		{792E0CBA-1332-41EB-A9D8-33A0FD97DA47} = {510408A4-3BB2-43B5-9516-3078CC0CD7B3}
		{EAFA0C8D-F442-404F-8E79-30F6F2BB6F85} = {510408A4-3BB2-43B5-9516-3078CC0CD7B3}
		{58D14399-C1B5-42D2-B8A2-AEF7A5F0F1D1} = {510408A4-3BB2-43B5-9516-3078CC0CD7B3}
		{D31DDF7A-89EF-485C-8097-7F1577385C0B} = {510408A4-3BB2-43B5-9516-3078CC0CD7B3}
		{DAD53F59-3CF8-4263-89AF-F98DBB04E5C9} = {510408A4-3BB2-43B5-9516-3078CC0CD7B3}
		{EE848BFF-1BF2-4AE8-8938-B22F4D65EB83} = {6D9F8A61-02F8-42CB-9B5D-2BF88E32D072}
		{CD9DFEE4-D9B8-425F-8E1E-2ACFA8B8C88D} = {6D9F8A61-02F8-42CB-9B5D-2BF88E32D072}
		{A5FB1B80-D024-457A-8E74-7391F70ADD45} = {36365BAF-953D-43CF-94E3-566FEFBCD5F2}
		{8C33D30C-D4C3-4904-839A-63C5C3315F52} = {C14F8A30-685D-42FD-985E-BA5049302B17}
		{7C51F873-9A69-46E4-BC23-86B6B1C1A472} = {3DA74E01-2ECB-420B-A7F1-FBFB6B268D20}
		{238F0F80-A9D8-42E6-815F-70FD523D49E4} = {3DA74E01-2ECB-420B-A7F1-FBFB6B268D20}
		{F40944E1-6914-430B-A598-8F30D3DBF583} = {510408A4-3BB2-43B5-9516-3078CC0CD7B3}
		{62AF9CB7-2EDD-4ABE-A152-F96A2D3B2307} = {510408A4-3BB2-43B5-9516-3078CC0CD7B3}
		{CD4F1A20-AB55-4BFB-B18F-EE4721C0B2B1} = {510408A4-3BB2-43B5-9516-3078CC0CD7B3}
		{0F2A3EDC-5DDC-40B6-A1FB-AF31809B5672} = {36365BAF-953D-43CF-94E3-566FEFBCD5F2}
		{8DBD1CD1-81B1-4D65-A957-C9ADE63EDCB8} = {510408A4-3BB2-43B5-9516-3078CC0CD7B3}
		{690328D9-D932-48F4-87A9-24B8514578AE} = {6D9F8A61-02F8-42CB-9B5D-2BF88E32D072}
		{295F2AED-2A97-4D29-8349-D4E3F6764456} = {510408A4-3BB2-43B5-9516-3078CC0CD7B3}
		{69AFD6EA-86CE-42D4-8066-2E508659F6AF} = {510408A4-3BB2-43B5-9516-3078CC0CD7B3}
		{5B66D41F-76E2-402B-8325-2713FCA3FB23} = {510408A4-3BB2-43B5-9516-3078CC0CD7B3}
		{5C58F201-73DE-431E-9BF2-4518C7821282} = {510408A4-3BB2-43B5-9516-3078CC0CD7B3}
		{4BEEC59A-3C3B-4039-AB50-8249F0D1CB66} = {3DA74E01-2ECB-420B-A7F1-FBFB6B268D20}
		{85A68A94-8A08-4FCD-8567-A908FBE184F6} = {3DA74E01-2ECB-420B-A7F1-FBFB6B268D20}
		{C97AC1E0-B974-44B7-A80B-6690441DD189} = {C14F8A30-685D-42FD-985E-BA5049302B17}
		{DDABE79F-789B-4A6E-B9D9-24DD96F1A359} = {3DA74E01-2ECB-420B-A7F1-FBFB6B268D20}
		{64AB8406-31DD-4E62-B9ED-45B0D8B0EFC7} = {6D9F8A61-02F8-42CB-9B5D-2BF88E32D072}
		{1482033C-5C13-4E1A-900D-8A9DD4C4DFFE} = {C14F8A30-685D-42FD-985E-BA5049302B17}
		{600EAACB-0067-49B1-9006-83793839889E} = {3DA74E01-2ECB-420B-A7F1-FBFB6B268D20}
		{F5756D92-CA80-4AE7-817B-7C1BED2ECA8E} = {7203E52B-76CE-4D97-841A-B960E2AB611C}
		{58AC0443-9E88-4A22-B5B4-A448A38C635E} = {510408A4-3BB2-43B5-9516-3078CC0CD7B3}
		{A43A4FDC-F7B7-410A-8E60-60B8D38DC6B0} = {7203E52B-76CE-4D97-841A-B960E2AB611C}
		{5F768E1E-8A2D-443A-B82E-09147121062D} = {E83AFEBB-B76F-489C-8587-2C7E2A3BAA1A}
		{80103419-6732-43E8-B0C2-DFEC25E8F9DF} = {7203E52B-76CE-4D97-841A-B960E2AB611C}
	EndGlobalSection
	GlobalSection(ExtensibilityGlobals) = postSolution
		SolutionGuid = {691877F2-3206-49F7-9492-7F87F408C570}
	EndGlobalSection
EndGlobal
